# THIS IS AN AUTOGENERATED FILE. DO NOT EDIT THIS FILE DIRECTLY.
# yarn lockfile v1


js-confetti@^0.10.2:
  version "0.10.2"
  resolved "https://registry.yarnpkg.com/js-confetti/-/js-confetti-0.10.2.tgz#f30aab309735284d5694845f24a6a3a3d4221984"
  integrity sha512-/ppeGV3sOJ/DDH43ABbqe8V/9Fx5TUNkywPlXr9YK9OK6++olMtRP/yRdXftl49iTIAAdoNopkgAy3SLOgSE+A==
